
Microsoft Visual Studio Solution File, Format Version 12.00
# Visual Studio Version 17
VisualStudioVersion = 17.7.34031.279
MinimumVisualStudioVersion = 10.0.40219.1
Project("{9A19103F-16F7-4668-BE54-9A1E7A4F7556}") = "ManagerApartment", "ManagerApartment\ManagerApartment.csproj", "{908B51E1-DA0B-4402-A161-B3018F0A8511}"
EndProject
Project("{9A19103F-16F7-4668-BE54-9A1E7A4F7556}") = "Repository", "Repository\Repository.csproj", "{C6A68365-A9E6-4FBB-AA05-5F05E49F12E1}"
EndProject
Project("{9A19103F-16F7-4668-BE54-9A1E7A4F7556}") = "Services", "Service\Services.csproj", "{14646826-0084-4A9C-946B-0F4BD59948E2}"
EndProject
Global
	GlobalSection(SolutionConfigurationPlatforms) = preSolution
		Debug|Any CPU = Debug|Any CPU
		Release|Any CPU = Release|Any CPU
	EndGlobalSection
	GlobalSection(ProjectConfigurationPlatforms) = postSolution
		{908B51E1-DA0B-4402-A161-B3018F0A8511}.Debug|Any CPU.ActiveCfg = Debug|Any CPU
		{908B51E1-DA0B-4402-A161-B3018F0A8511}.Debug|Any CPU.Build.0 = Debug|Any CPU
		{908B51E1-DA0B-4402-A161-B3018F0A8511}.Release|Any CPU.ActiveCfg = Release|Any CPU
		{908B51E1-DA0B-4402-A161-B3018F0A8511}.Release|Any CPU.Build.0 = Release|Any CPU
		{C6A68365-A9E6-4FBB-AA05-5F05E49F12E1}.Debug|Any CPU.ActiveCfg = Debug|Any CPU
		{C6A68365-A9E6-4FBB-AA05-5F05E49F12E1}.Debug|Any CPU.Build.0 = Debug|Any CPU
		{C6A68365-A9E6-4FBB-AA05-5F05E49F12E1}.Release|Any CPU.ActiveCfg = Release|Any CPU
		{C6A68365-A9E6-4FBB-AA05-5F05E49F12E1}.Release|Any CPU.Build.0 = Release|Any CPU
		{14646826-0084-4A9C-946B-0F4BD59948E2}.Debug|Any CPU.ActiveCfg = Debug|Any CPU
		{14646826-0084-4A9C-946B-0F4BD59948E2}.Debug|Any CPU.Build.0 = Debug|Any CPU
		{14646826-0084-4A9C-946B-0F4BD59948E2}.Release|Any CPU.ActiveCfg = Release|Any CPU
		{14646826-0084-4A9C-946B-0F4BD59948E2}.Release|Any CPU.Build.0 = Release|Any CPU
	EndGlobalSection
	GlobalSection(SolutionProperties) = preSolution
		HideSolutionNode = FALSE
	EndGlobalSection
	GlobalSection(ExtensibilityGlobals) = postSolution
		SolutionGuid = {BEE5AD6C-E006-4AF2-9D9D-FE628DBDC684}
	EndGlobalSection
EndGlobal
